
Microsoft Visual Studio Solution File, Format Version 12.00
# Visual Studio Version 17
VisualStudioVersion = 17.0.31903.59
MinimumVisualStudioVersion = 10.0.40219.1
Project("{2150E333-8FDC-42A3-9474-1A3956D46DE8}") = "src", "src", "{827E0CD3-B72D-47B6-A68D-7590B98EB39B}"
EndProject
Project("{FAE04EC0-301F-11D3-BF4B-00C04F79EFBC}") = "QuotaBeacon.Core", "src\QuotaBeacon.Core\QuotaBeacon.Core.csproj", "{7691EE53-77A8-4644-9039-AEFF1BDF8041}"
EndProject
Project("{FAE04EC0-301F-11D3-BF4B-00C04F79EFBC}") = "QuotaBeacon.Providers", "src\QuotaBeacon.Providers\QuotaBeacon.Providers.csproj", "{CD4BEFED-3EA5-446C-B3E4-6069EE529D26}"
EndProject
Project("{FAE04EC0-301F-11D3-BF4B-00C04F79EFBC}") = "QuotaBeacon.App", "src\QuotaBeacon.App\QuotaBeacon.App.csproj", "{05DFB302-5232-4092-A716-2C7A4C1A2237}"
EndProject
Project("{FAE04EC0-301F-11D3-BF4B-00C04F79EFBC}") = "QuotaBeacon.Tests", "tests\QuotaBeacon.Tests\QuotaBeacon.Tests.csproj", "{3F26609C-26AE-4FD0-AD91-DFD3494C884C}"
EndProject
Project("{2150E333-8FDC-42A3-9474-1A3956D46DE8}") = "tests", "tests", "{0AB3BF05-4346-4AA6-1389-037BE0695223}"
EndProject
Project("{FAE04EC0-301F-11D3-BF4B-00C04F79EFBC}") = "QuotaBeacon.App.Tests", "tests\QuotaBeacon.App.Tests\QuotaBeacon.App.Tests.csproj", "{D3E1D14D-2D8E-4342-9EEF-AA3BE3BE0318}"
EndProject
Global
	GlobalSection(SolutionConfigurationPlatforms) = preSolution
		Debug|Any CPU = Debug|Any CPU
		Debug|x64 = Debug|x64
		Debug|x86 = Debug|x86
		Release|Any CPU = Release|Any CPU
		Release|x64 = Release|x64
		Release|x86 = Release|x86
	EndGlobalSection
	GlobalSection(ProjectConfigurationPlatforms) = postSolution
		{7691EE53-77A8-4644-9039-AEFF1BDF8041}.Debug|Any CPU.ActiveCfg = Debug|Any CPU
		{7691EE53-77A8-4644-9039-AEFF1BDF8041}.Debug|Any CPU.Build.0 = Debug|Any CPU
		{7691EE53-77A8-4644-9039-AEFF1BDF8041}.Debug|x64.ActiveCfg = Debug|Any CPU
		{7691EE53-77A8-4644-9039-AEFF1BDF8041}.Debug|x64.Build.0 = Debug|Any CPU
		{7691EE53-77A8-4644-9039-AEFF1BDF8041}.Debug|x86.ActiveCfg = Debug|Any CPU
		{7691EE53-77A8-4644-9039-AEFF1BDF8041}.Debug|x86.Build.0 = Debug|Any CPU
		{7691EE53-77A8-4644-9039-AEFF1BDF8041}.Release|Any CPU.ActiveCfg = Release|Any CPU
		{7691EE53-77A8-4644-9039-AEFF1BDF8041}.Release|Any CPU.Build.0 = Release|Any CPU
		{7691EE53-77A8-4644-9039-AEFF1BDF8041}.Release|x64.ActiveCfg = Release|Any CPU
		{7691EE53-77A8-4644-9039-AEFF1BDF8041}.Release|x64.Build.0 = Release|Any CPU
		{7691EE53-77A8-4644-9039-AEFF1BDF8041}.Release|x86.ActiveCfg = Release|Any CPU
		{7691EE53-77A8-4644-9039-AEFF1BDF8041}.Release|x86.Build.0 = Release|Any CPU
		{CD4BEFED-3EA5-446C-B3E4-6069EE529D26}.Debug|Any CPU.ActiveCfg = Debug|Any CPU
		{CD4BEFED-3EA5-446C-B3E4-6069EE529D26}.Debug|Any CPU.Build.0 = Debug|Any CPU
		{CD4BEFED-3EA5-446C-B3E4-6069EE529D26}.Debug|x64.ActiveCfg = Debug|Any CPU
		{CD4BEFED-3EA5-446C-B3E4-6069EE529D26}.Debug|x64.Build.0 = Debug|Any CPU
		{CD4BEFED-3EA5-446C-B3E4-6069EE529D26}.Debug|x86.ActiveCfg = Debug|Any CPU
		{CD4BEFED-3EA5-446C-B3E4-6069EE529D26}.Debug|x86.Build.0 = Debug|Any CPU
		{CD4BEFED-3EA5-446C-B3E4-6069EE529D26}.Release|Any CPU.ActiveCfg = Release|Any CPU
		{CD4BEFED-3EA5-446C-B3E4-6069EE529D26}.Release|Any CPU.Build.0 = Release|Any CPU
		{CD4BEFED-3EA5-446C-B3E4-6069EE529D26}.Release|x64.ActiveCfg = Release|Any CPU
		{CD4BEFED-3EA5-446C-B3E4-6069EE529D26}.Release|x64.Build.0 = Release|Any CPU
		{CD4BEFED-3EA5-446C-B3E4-6069EE529D26}.Release|x86.ActiveCfg = Release|Any CPU
		{CD4BEFED-3EA5-446C-B3E4-6069EE529D26}.Release|x86.Build.0 = Release|Any CPU
		{05DFB302-5232-4092-A716-2C7A4C1A2237}.Debug|Any CPU.ActiveCfg = Debug|Any CPU
		{05DFB302-5232-4092-A716-2C7A4C1A2237}.Debug|Any CPU.Build.0 = Debug|Any CPU
		{05DFB302-5232-4092-A716-2C7A4C1A2237}.Debug|x64.ActiveCfg = Debug|Any CPU
		{05DFB302-5232-4092-A716-2C7A4C1A2237}.Debug|x64.Build.0 = Debug|Any CPU
		{05DFB302-5232-4092-A716-2C7A4C1A2237}.Debug|x86.ActiveCfg = Debug|Any CPU
		{05DFB302-5232-4092-A716-2C7A4C1A2237}.Debug|x86.Build.0 = Debug|Any CPU
		{05DFB302-5232-4092-A716-2C7A4C1A2237}.Release|Any CPU.ActiveCfg = Release|Any CPU
		{05DFB302-5232-4092-A716-2C7A4C1A2237}.Release|Any CPU.Build.0 = Release|Any CPU
		{05DFB302-5232-4092-A716-2C7A4C1A2237}.Release|x64.ActiveCfg = Release|Any CPU
		{05DFB302-5232-4092-A716-2C7A4C1A2237}.Release|x64.Build.0 = Release|Any CPU
		{05DFB302-5232-4092-A716-2C7A4C1A2237}.Release|x86.ActiveCfg = Release|Any CPU
		{05DFB302-5232-4092-A716-2C7A4C1A2237}.Release|x86.Build.0 = Release|Any CPU
		{3F26609C-26AE-4FD0-AD91-DFD3494C884C}.Debug|Any CPU.ActiveCfg = Debug|Any CPU
		{3F26609C-26AE-4FD0-AD91-DFD3494C884C}.Debug|Any CPU.Build.0 = Debug|Any CPU
		{3F26609C-26AE-4FD0-AD91-DFD3494C884C}.Debug|x64.ActiveCfg = Debug|Any CPU
		{3F26609C-26AE-4FD0-AD91-DFD3494C884C}.Debug|x64.Build.0 = Debug|Any CPU
		{3F26609C-26AE-4FD0-AD91-DFD3494C884C}.Debug|x86.ActiveCfg = Debug|Any CPU
		{3F26609C-26AE-4FD0-AD91-DFD3494C884C}.Debug|x86.Build.0 = Debug|Any CPU
		{3F26609C-26AE-4FD0-AD91-DFD3494C884C}.Release|Any CPU.ActiveCfg = Release|Any CPU
		{3F26609C-26AE-4FD0-AD91-DFD3494C884C}.Release|Any CPU.Build.0 = Release|Any CPU
		{3F26609C-26AE-4FD0-AD91-DFD3494C884C}.Release|x64.ActiveCfg = Release|Any CPU
		{3F26609C-26AE-4FD0-AD91-DFD3494C884C}.Release|x64.Build.0 = Release|Any CPU
		{3F26609C-26AE-4FD0-AD91-DFD3494C884C}.Release|x86.ActiveCfg = Release|Any CPU
		{3F26609C-26AE-4FD0-AD91-DFD3494C884C}.Release|x86.Build.0 = Release|Any CPU
		{D3E1D14D-2D8E-4342-9EEF-AA3BE3BE0318}.Debug|Any CPU.ActiveCfg = Debug|Any CPU
		{D3E1D14D-2D8E-4342-9EEF-AA3BE3BE0318}.Debug|Any CPU.Build.0 = Debug|Any CPU
		{D3E1D14D-2D8E-4342-9EEF-AA3BE3BE0318}.Debug|x64.ActiveCfg = Debug|Any CPU
		{D3E1D14D-2D8E-4342-9EEF-AA3BE3BE0318}.Debug|x64.Build.0 = Debug|Any CPU
		{D3E1D14D-2D8E-4342-9EEF-AA3BE3BE0318}.Debug|x86.ActiveCfg = Debug|Any CPU
		{D3E1D14D-2D8E-4342-9EEF-AA3BE3BE0318}.Debug|x86.Build.0 = Debug|Any CPU
		{D3E1D14D-2D8E-4342-9EEF-AA3BE3BE0318}.Release|Any CPU.ActiveCfg = Release|Any CPU
		{D3E1D14D-2D8E-4342-9EEF-AA3BE3BE0318}.Release|Any CPU.Build.0 = Release|Any CPU
		{D3E1D14D-2D8E-4342-9EEF-AA3BE3BE0318}.Release|x64.ActiveCfg = Release|Any CPU
		{D3E1D14D-2D8E-4342-9EEF-AA3BE3BE0318}.Release|x64.Build.0 = Release|Any CPU
		{D3E1D14D-2D8E-4342-9EEF-AA3BE3BE0318}.Release|x86.ActiveCfg = Release|Any CPU
		{D3E1D14D-2D8E-4342-9EEF-AA3BE3BE0318}.Release|x86.Build.0 = Release|Any CPU
	EndGlobalSection
	GlobalSection(SolutionProperties) = preSolution
		HideSolutionNode = FALSE
	EndGlobalSection
	GlobalSection(NestedProjects) = preSolution
		{7691EE53-77A8-4644-9039-AEFF1BDF8041} = {827E0CD3-B72D-47B6-A68D-7590B98EB39B}
		{CD4BEFED-3EA5-446C-B3E4-6069EE529D26} = {827E0CD3-B72D-47B6-A68D-7590B98EB39B}
		{05DFB302-5232-4092-A716-2C7A4C1A2237} = {827E0CD3-B72D-47B6-A68D-7590B98EB39B}
		{3F26609C-26AE-4FD0-AD91-DFD3494C884C} = {827E0CD3-B72D-47B6-A68D-7590B98EB39B}
		{D3E1D14D-2D8E-4342-9EEF-AA3BE3BE0318} = {0AB3BF05-4346-4AA6-1389-037BE0695223}
	EndGlobalSection
EndGlobal
